
Microsoft Visual Studio Solution File, Format Version 12.00
# Visual Studio Version 16
VisualStudioVersion = 16.0.30114.105
MinimumVisualStudioVersion = 10.0.40219.1
Project("{2150E333-8FDC-42A3-9474-1A3956D46DE8}") = "Play.Catalog", "Play.Catalog", "{E41519FA-2B4C-4FB0-A59D-E71FC3AE450B}"
EndProject
Project("{2150E333-8FDC-42A3-9474-1A3956D46DE8}") = "src", "src", "{6C3B6362-3BF1-4BAB-92D0-4DF9E1A56858}"
EndProject
Project("{FAE04EC0-301F-11D3-BF4B-00C04F79EFBC}") = "Play.Catalog.Service", "Play.Catalog\src\Play.Catalog.Service\Play.Catalog.Service.csproj", "{163E7282-61B7-420C-A938-841FB7668E44}"
EndProject
Project("{FAE04EC0-301F-11D3-BF4B-00C04F79EFBC}") = "Play.Common", "Play.Common\src\Play.Common\Play.Common.csproj", "{18B57045-19F8-45D2-A811-50D61613D513}"
EndProject
Project("{2150E333-8FDC-42A3-9474-1A3956D46DE8}") = "Play.Common", "Play.Common", "{51F95B2B-DDA5-4DA7-92E9-5D0D65E1D801}"
EndProject
Project("{2150E333-8FDC-42A3-9474-1A3956D46DE8}") = "src", "src", "{9F60F428-59C4-4C4E-8D7A-7D8881400445}"
EndProject
Project("{2150E333-8FDC-42A3-9474-1A3956D46DE8}") = "docker", "docker", "{87C82C4A-6BE5-4350-80F5-95098F477B83}"
	ProjectSection(SolutionItems) = preProject
		docker\docker-compose.yml = docker\docker-compose.yml
	EndProjectSection
EndProject
Project("{2150E333-8FDC-42A3-9474-1A3956D46DE8}") = "Play.Inventory", "Play.Inventory", "{EF2A32C9-9F17-467E-B3BA-DEE06F100D43}"
EndProject
Project("{2150E333-8FDC-42A3-9474-1A3956D46DE8}") = "src", "src", "{7C85712F-E395-40E9-8DAE-11CD8A16B66D}"
EndProject
Project("{FAE04EC0-301F-11D3-BF4B-00C04F79EFBC}") = "Play.Inventory.Service", "Play.Inventory\src\Play.Inventory.Service\Play.Inventory.Service.csproj", "{F5448A77-068C-461B-986D-EBA66A341C29}"
EndProject
Project("{2150E333-8FDC-42A3-9474-1A3956D46DE8}") = "nuget", "nuget", "{F033A5A9-5359-4134-9D1E-F4F60963D4EE}"
EndProject
Global
	GlobalSection(SolutionConfigurationPlatforms) = preSolution
		Debug|Any CPU = Debug|Any CPU
		Debug|x64 = Debug|x64
		Debug|x86 = Debug|x86
		Release|Any CPU = Release|Any CPU
		Release|x64 = Release|x64
		Release|x86 = Release|x86
	EndGlobalSection
	GlobalSection(SolutionProperties) = preSolution
		HideSolutionNode = FALSE
	EndGlobalSection
	GlobalSection(ProjectConfigurationPlatforms) = postSolution
		{163E7282-61B7-420C-A938-841FB7668E44}.Debug|Any CPU.ActiveCfg = Debug|Any CPU
		{163E7282-61B7-420C-A938-841FB7668E44}.Debug|Any CPU.Build.0 = Debug|Any CPU
		{163E7282-61B7-420C-A938-841FB7668E44}.Debug|x64.ActiveCfg = Debug|Any CPU
		{163E7282-61B7-420C-A938-841FB7668E44}.Debug|x64.Build.0 = Debug|Any CPU
		{163E7282-61B7-420C-A938-841FB7668E44}.Debug|x86.ActiveCfg = Debug|Any CPU
		{163E7282-61B7-420C-A938-841FB7668E44}.Debug|x86.Build.0 = Debug|Any CPU
		{163E7282-61B7-420C-A938-841FB7668E44}.Release|Any CPU.ActiveCfg = Release|Any CPU
		{163E7282-61B7-420C-A938-841FB7668E44}.Release|Any CPU.Build.0 = Release|Any CPU
		{163E7282-61B7-420C-A938-841FB7668E44}.Release|x64.ActiveCfg = Release|Any CPU
		{163E7282-61B7-420C-A938-841FB7668E44}.Release|x64.Build.0 = Release|Any CPU
		{163E7282-61B7-420C-A938-841FB7668E44}.Release|x86.ActiveCfg = Release|Any CPU
		{163E7282-61B7-420C-A938-841FB7668E44}.Release|x86.Build.0 = Release|Any CPU
		{18B57045-19F8-45D2-A811-50D61613D513}.Debug|Any CPU.ActiveCfg = Debug|Any CPU
		{18B57045-19F8-45D2-A811-50D61613D513}.Debug|Any CPU.Build.0 = Debug|Any CPU
		{18B57045-19F8-45D2-A811-50D61613D513}.Debug|x64.ActiveCfg = Debug|Any CPU
		{18B57045-19F8-45D2-A811-50D61613D513}.Debug|x64.Build.0 = Debug|Any CPU
		{18B57045-19F8-45D2-A811-50D61613D513}.Debug|x86.ActiveCfg = Debug|Any CPU
		{18B57045-19F8-45D2-A811-50D61613D513}.Debug|x86.Build.0 = Debug|Any CPU
		{18B57045-19F8-45D2-A811-50D61613D513}.Release|Any CPU.ActiveCfg = Release|Any CPU
		{18B57045-19F8-45D2-A811-50D61613D513}.Release|Any CPU.Build.0 = Release|Any CPU
		{18B57045-19F8-45D2-A811-50D61613D513}.Release|x64.ActiveCfg = Release|Any CPU
		{18B57045-19F8-45D2-A811-50D61613D513}.Release|x64.Build.0 = Release|Any CPU
		{18B57045-19F8-45D2-A811-50D61613D513}.Release|x86.ActiveCfg = Release|Any CPU
		{18B57045-19F8-45D2-A811-50D61613D513}.Release|x86.Build.0 = Release|Any CPU
		{F5448A77-068C-461B-986D-EBA66A341C29}.Debug|Any CPU.ActiveCfg = Debug|Any CPU
		{F5448A77-068C-461B-986D-EBA66A341C29}.Debug|Any CPU.Build.0 = Debug|Any CPU
		{F5448A77-068C-461B-986D-EBA66A341C29}.Debug|x64.ActiveCfg = Debug|Any CPU
		{F5448A77-068C-461B-986D-EBA66A341C29}.Debug|x64.Build.0 = Debug|Any CPU
		{F5448A77-068C-461B-986D-EBA66A341C29}.Debug|x86.ActiveCfg = Debug|Any CPU
		{F5448A77-068C-461B-986D-EBA66A341C29}.Debug|x86.Build.0 = Debug|Any CPU
		{F5448A77-068C-461B-986D-EBA66A341C29}.Release|Any CPU.ActiveCfg = Release|Any CPU
		{F5448A77-068C-461B-986D-EBA66A341C29}.Release|Any CPU.Build.0 = Release|Any CPU
		{F5448A77-068C-461B-986D-EBA66A341C29}.Release|x64.ActiveCfg = Release|Any CPU
		{F5448A77-068C-461B-986D-EBA66A341C29}.Release|x64.Build.0 = Release|Any CPU
		{F5448A77-068C-461B-986D-EBA66A341C29}.Release|x86.ActiveCfg = Release|Any CPU
		{F5448A77-068C-461B-986D-EBA66A341C29}.Release|x86.Build.0 = Release|Any CPU
	EndGlobalSection
	GlobalSection(NestedProjects) = preSolution
		{6C3B6362-3BF1-4BAB-92D0-4DF9E1A56858} = {E41519FA-2B4C-4FB0-A59D-E71FC3AE450B}
		{163E7282-61B7-420C-A938-841FB7668E44} = {6C3B6362-3BF1-4BAB-92D0-4DF9E1A56858}
		{9F60F428-59C4-4C4E-8D7A-7D8881400445} = {51F95B2B-DDA5-4DA7-92E9-5D0D65E1D801}
		{18B57045-19F8-45D2-A811-50D61613D513} = {9F60F428-59C4-4C4E-8D7A-7D8881400445}
		{7C85712F-E395-40E9-8DAE-11CD8A16B66D} = {EF2A32C9-9F17-467E-B3BA-DEE06F100D43}
		{F5448A77-068C-461B-986D-EBA66A341C29} = {7C85712F-E395-40E9-8DAE-11CD8A16B66D}
		{51F95B2B-DDA5-4DA7-92E9-5D0D65E1D801} = {F033A5A9-5359-4134-9D1E-F4F60963D4EE}
	EndGlobalSection
EndGlobal
